// !$*UTF8*$!
{
	archiveVersion = 1;
	classes = {
	};
	objectVersion = 55;
	objects = {

/* Begin PBXBuildFile section */
		295007FA29E5A01A004F1877 /* AccountSummaryHeaderView.swift in Sources */ = {isa = PBXBuildFile; fileRef = 29B590C229D709F5004A99A4 /* AccountSummaryHeaderView.swift */; };
		295007FD29E6DB7C004F1877 /* ProfileTests.swift in Sources */ = {isa = PBXBuildFile; fileRef = 295007FC29E6DB7C004F1877 /* ProfileTests.swift */; };
		2950080029E6E10A004F1877 /* AccountTests.swift in Sources */ = {isa = PBXBuildFile; fileRef = 295007FF29E6E10A004F1877 /* AccountTests.swift */; };
		29A8214729DADD0B004618CF /* AccountSummaryCell.swift in Sources */ = {isa = PBXBuildFile; fileRef = 29A8214629DADD0B004618CF /* AccountSummaryCell.swift */; };
		29A8214929DD9DDC004618CF /* Decimal+Utils.swift in Sources */ = {isa = PBXBuildFile; fileRef = 29A8214829DD9DDC004618CF /* Decimal+Utils.swift */; };
		29A8214B29DD9E65004618CF /* CurrencyFormatter.swift in Sources */ = {isa = PBXBuildFile; fileRef = 29A8214A29DD9E65004618CF /* CurrencyFormatter.swift */; };
		29A8215A29DDC427004618CF /* CurrencyFormatterTests.swift in Sources */ = {isa = PBXBuildFile; fileRef = 29A8215929DDC427004618CF /* CurrencyFormatterTests.swift */; };
		29A8215C29E056D9004618CF /* NSNotificationName.swift in Sources */ = {isa = PBXBuildFile; fileRef = 29A8215B29E056D9004618CF /* NSNotificationName.swift */; };
		29A8215E29E05C81004618CF /* UITextField+SecureToggle.swift in Sources */ = {isa = PBXBuildFile; fileRef = 29A8215D29E05C81004618CF /* UITextField+SecureToggle.swift */; };
		29A8216129E2BCA1004618CF /* ShakeyBellView.swift in Sources */ = {isa = PBXBuildFile; fileRef = 29A8216029E2BCA1004618CF /* ShakeyBellView.swift */; };
		29B5909A29C4B053004A99A4 /* AppDelegate.swift in Sources */ = {isa = PBXBuildFile; fileRef = 29B5909929C4B053004A99A4 /* AppDelegate.swift */; };
		29B5909E29C4B053004A99A4 /* LoginViewController.swift in Sources */ = {isa = PBXBuildFile; fileRef = 29B5909D29C4B053004A99A4 /* LoginViewController.swift */; };
		29B590A329C4B056004A99A4 /* Assets.xcassets in Resources */ = {isa = PBXBuildFile; fileRef = 29B590A229C4B056004A99A4 /* Assets.xcassets */; };
		29B590A629C4B056004A99A4 /* LaunchScreen.storyboard in Resources */ = {isa = PBXBuildFile; fileRef = 29B590A429C4B056004A99A4 /* LaunchScreen.storyboard */; };
		29B590B029C4BE8D004A99A4 /* LoginView.swift in Sources */ = {isa = PBXBuildFile; fileRef = 29B590AF29C4BE8D004A99A4 /* LoginView.swift */; };
		29B590B329CB4AD8004A99A4 /* OnboardingContainerViewController.swift in Sources */ = {isa = PBXBuildFile; fileRef = 29B590B229CB4AD8004A99A4 /* OnboardingContainerViewController.swift */; };
		29B590B529CB62DD004A99A4 /* OnboardingViewController.swift in Sources */ = {isa = PBXBuildFile; fileRef = 29B590B429CB62DD004A99A4 /* OnboardingViewController.swift */; };
		29B590B729D2ED34004A99A4 /* DummyViewController.swift in Sources */ = {isa = PBXBuildFile; fileRef = 29B590B629D2ED34004A99A4 /* DummyViewController.swift */; };
		29B590BA29D59630004A99A4 /* LocalState.swift in Sources */ = {isa = PBXBuildFile; fileRef = 29B590B929D59630004A99A4 /* LocalState.swift */; };
		29B590BC29D5BD64004A99A4 /* MainViewController.swift in Sources */ = {isa = PBXBuildFile; fileRef = 29B590BB29D5BD64004A99A4 /* MainViewController.swift */; };
		29B590BE29D5C975004A99A4 /* UIViewController+Utils.swift in Sources */ = {isa = PBXBuildFile; fileRef = 29B590BD29D5C975004A99A4 /* UIViewController+Utils.swift */; };
		29B590C129D6E48F004A99A4 /* AccountSummaryViewController.swift in Sources */ = {isa = PBXBuildFile; fileRef = 29B590C029D6E48F004A99A4 /* AccountSummaryViewController.swift */; };
		29B590C529D70A18004A99A4 /* AccountSummaryHeaderView.xib in Resources */ = {isa = PBXBuildFile; fileRef = 29B590C429D70A18004A99A4 /* AccountSummaryHeaderView.xib */; };
		29E1FABD29E30BB900C5953E /* Date+Utils.swift in Sources */ = {isa = PBXBuildFile; fileRef = 29E1FABC29E30BB900C5953E /* Date+Utils.swift */; };
		29E1FABF29E56CAC00C5953E /* AccountSummaryViewController+Networking.swift in Sources */ = {isa = PBXBuildFile; fileRef = 29E1FABE29E56CAC00C5953E /* AccountSummaryViewController+Networking.swift */; };
/* End PBXBuildFile section */

/* Begin PBXContainerItemProxy section */
		29A8215429DDC225004618CF /* PBXContainerItemProxy */ = {
			isa = PBXContainerItemProxy;
			containerPortal = 29B5908E29C4B053004A99A4 /* Project object */;
			proxyType = 1;
			remoteGlobalIDString = 29B5909529C4B053004A99A4;
			remoteInfo = Banky;
		};
/* End PBXContainerItemProxy section */

/* Begin PBXFileReference section */
		295007FC29E6DB7C004F1877 /* ProfileTests.swift */ = {isa = PBXFileReference; lastKnownFileType = sourcecode.swift; path = ProfileTests.swift; sourceTree = "<group>"; };
		295007FF29E6E10A004F1877 /* AccountTests.swift */ = {isa = PBXFileReference; lastKnownFileType = sourcecode.swift; path = AccountTests.swift; sourceTree = "<group>"; };
		29A8214629DADD0B004618CF /* AccountSummaryCell.swift */ = {isa = PBXFileReference; lastKnownFileType = sourcecode.swift; path = AccountSummaryCell.swift; sourceTree = "<group>"; };
		29A8214829DD9DDC004618CF /* Decimal+Utils.swift */ = {isa = PBXFileReference; lastKnownFileType = sourcecode.swift; path = "Decimal+Utils.swift"; sourceTree = "<group>"; };
		29A8214A29DD9E65004618CF /* CurrencyFormatter.swift */ = {isa = PBXFileReference; lastKnownFileType = sourcecode.swift; path = CurrencyFormatter.swift; sourceTree = "<group>"; };
		29A8215029DDC225004618CF /* BankyUnitTests.xctest */ = {isa = PBXFileReference; explicitFileType = wrapper.cfbundle; includeInIndex = 0; path = BankyUnitTests.xctest; sourceTree = BUILT_PRODUCTS_DIR; };
		29A8215929DDC427004618CF /* CurrencyFormatterTests.swift */ = {isa = PBXFileReference; lastKnownFileType = sourcecode.swift; path = CurrencyFormatterTests.swift; sourceTree = "<group>"; };
		29A8215B29E056D9004618CF /* NSNotificationName.swift */ = {isa = PBXFileReference; lastKnownFileType = sourcecode.swift; path = NSNotificationName.swift; sourceTree = "<group>"; };
		29A8215D29E05C81004618CF /* UITextField+SecureToggle.swift */ = {isa = PBXFileReference; lastKnownFileType = sourcecode.swift; path = "UITextField+SecureToggle.swift"; sourceTree = "<group>"; };
		29A8216029E2BCA1004618CF /* ShakeyBellView.swift */ = {isa = PBXFileReference; lastKnownFileType = sourcecode.swift; path = ShakeyBellView.swift; sourceTree = "<group>"; };
		29B5909629C4B053004A99A4 /* Banky.app */ = {isa = PBXFileReference; explicitFileType = wrapper.application; includeInIndex = 0; path = Banky.app; sourceTree = BUILT_PRODUCTS_DIR; };
		29B5909929C4B053004A99A4 /* AppDelegate.swift */ = {isa = PBXFileReference; lastKnownFileType = sourcecode.swift; path = AppDelegate.swift; sourceTree = "<group>"; };
		29B5909D29C4B053004A99A4 /* LoginViewController.swift */ = {isa = PBXFileReference; lastKnownFileType = sourcecode.swift; path = LoginViewController.swift; sourceTree = "<group>"; };
		29B590A229C4B056004A99A4 /* Assets.xcassets */ = {isa = PBXFileReference; lastKnownFileType = folder.assetcatalog; path = Assets.xcassets; sourceTree = "<group>"; };
		29B590A529C4B056004A99A4 /* Base */ = {isa = PBXFileReference; lastKnownFileType = file.storyboard; name = Base; path = Base.lproj/LaunchScreen.storyboard; sourceTree = "<group>"; };
		29B590A729C4B056004A99A4 /* Info.plist */ = {isa = PBXFileReference; lastKnownFileType = text.plist.xml; path = Info.plist; sourceTree = "<group>"; };
		29B590AF29C4BE8D004A99A4 /* LoginView.swift */ = {isa = PBXFileReference; lastKnownFileType = sourcecode.swift; path = LoginView.swift; sourceTree = "<group>"; };
		29B590B229CB4AD8004A99A4 /* OnboardingContainerViewController.swift */ = {isa = PBXFileReference; lastKnownFileType = sourcecode.swift; path = OnboardingContainerViewController.swift; sourceTree = "<group>"; };
		29B590B429CB62DD004A99A4 /* OnboardingViewController.swift */ = {isa = PBXFileReference; lastKnownFileType = sourcecode.swift; path = OnboardingViewController.swift; sourceTree = "<group>"; };
		29B590B629D2ED34004A99A4 /* DummyViewController.swift */ = {isa = PBXFileReference; lastKnownFileType = sourcecode.swift; path = DummyViewController.swift; sourceTree = "<group>"; };
		29B590B929D59630004A99A4 /* LocalState.swift */ = {isa = PBXFileReference; lastKnownFileType = sourcecode.swift; path = LocalState.swift; sourceTree = "<group>"; };
		29B590BB29D5BD64004A99A4 /* MainViewController.swift */ = {isa = PBXFileReference; lastKnownFileType = sourcecode.swift; path = MainViewController.swift; sourceTree = "<group>"; };
		29B590BD29D5C975004A99A4 /* UIViewController+Utils.swift */ = {isa = PBXFileReference; lastKnownFileType = sourcecode.swift; path = "UIViewController+Utils.swift"; sourceTree = "<group>"; };
		29B590C029D6E48F004A99A4 /* AccountSummaryViewController.swift */ = {isa = PBXFileReference; lastKnownFileType = sourcecode.swift; path = AccountSummaryViewController.swift; sourceTree = "<group>"; };
		29B590C229D709F5004A99A4 /* AccountSummaryHeaderView.swift */ = {isa = PBXFileReference; lastKnownFileType = sourcecode.swift; path = AccountSummaryHeaderView.swift; sourceTree = "<group>"; };
		29B590C429D70A18004A99A4 /* AccountSummaryHeaderView.xib */ = {isa = PBXFileReference; lastKnownFileType = file.xib; path = AccountSummaryHeaderView.xib; sourceTree = "<group>"; };
		29E1FABC29E30BB900C5953E /* Date+Utils.swift */ = {isa = PBXFileReference; lastKnownFileType = sourcecode.swift; path = "Date+Utils.swift"; sourceTree = "<group>"; };
		29E1FABE29E56CAC00C5953E /* AccountSummaryViewController+Networking.swift */ = {isa = PBXFileReference; lastKnownFileType = sourcecode.swift; path = "AccountSummaryViewController+Networking.swift"; sourceTree = "<group>"; };
/* End PBXFileReference section */

/* Begin PBXFrameworksBuildPhase section */
		29A8214D29DDC225004618CF /* Frameworks */ = {
			isa = PBXFrameworksBuildPhase;
			buildActionMask = 2147483647;
			files = (
			);
			runOnlyForDeploymentPostprocessing = 0;
		};
		29B5909329C4B053004A99A4 /* Frameworks */ = {
			isa = PBXFrameworksBuildPhase;
			buildActionMask = 2147483647;
			files = (
			);
			runOnlyForDeploymentPostprocessing = 0;
		};
/* End PBXFrameworksBuildPhase section */

/* Begin PBXGroup section */
		295007FB29E6DB5E004F1877 /* Utils */ = {
			isa = PBXGroup;
			children = (
				29A8215929DDC427004618CF /* CurrencyFormatterTests.swift */,
			);
			path = Utils;
			sourceTree = "<group>";
		};
		295007FE29E6DC48004F1877 /* AccountSummary */ = {
			isa = PBXGroup;
			children = (
				295007FC29E6DB7C004F1877 /* ProfileTests.swift */,
				295007FF29E6E10A004F1877 /* AccountTests.swift */,
			);
			path = AccountSummary;
			sourceTree = "<group>";
		};
		29A8214329DADC8E004618CF /* Header */ = {
			isa = PBXGroup;
			children = (
				29B590C229D709F5004A99A4 /* AccountSummaryHeaderView.swift */,
				29B590C429D70A18004A99A4 /* AccountSummaryHeaderView.xib */,
			);
			path = Header;
			sourceTree = "<group>";
		};
		29A8214529DADCE5004618CF /* Cells */ = {
			isa = PBXGroup;
			children = (
				29A8214629DADD0B004618CF /* AccountSummaryCell.swift */,
			);
			path = Cells;
			sourceTree = "<group>";
		};
		29A8215129DDC225004618CF /* BankyUnitTests */ = {
			isa = PBXGroup;
			children = (
				295007FE29E6DC48004F1877 /* AccountSummary */,
				295007FB29E6DB5E004F1877 /* Utils */,
			);
			path = BankyUnitTests;
			sourceTree = "<group>";
		};
		29A8215F29E2BC6A004618CF /* Components */ = {
			isa = PBXGroup;
			children = (
				29A8216029E2BCA1004618CF /* ShakeyBellView.swift */,
			);
			path = Components;
			sourceTree = "<group>";
		};
		29B5908D29C4B053004A99A4 = {
			isa = PBXGroup;
			children = (
				29B5909829C4B053004A99A4 /* Banky */,
				29A8215129DDC225004618CF /* BankyUnitTests */,
				29B5909729C4B053004A99A4 /* Products */,
			);
			sourceTree = "<group>";
		};
		29B5909729C4B053004A99A4 /* Products */ = {
			isa = PBXGroup;
			children = (
				29B5909629C4B053004A99A4 /* Banky.app */,
				29A8215029DDC225004618CF /* BankyUnitTests.xctest */,
			);
			name = Products;
			sourceTree = "<group>";
		};
		29B5909829C4B053004A99A4 /* Banky */ = {
			isa = PBXGroup;
			children = (
				29B5909929C4B053004A99A4 /* AppDelegate.swift */,
				29B590BB29D5BD64004A99A4 /* MainViewController.swift */,
				29B590AE29C4BBE8004A99A4 /* Login */,
				29B590B129CB4AA7004A99A4 /* Onboarding */,
				29B590BF29D6E464004A99A4 /* AccountSummary */,
				29B590B829D5961F004A99A4 /* Utils */,
				29A8215F29E2BC6A004618CF /* Components */,
				29B590AD29C4BBCA004A99A4 /* Files */,
			);
			path = Banky;
			sourceTree = "<group>";
		};
		29B590AD29C4BBCA004A99A4 /* Files */ = {
			isa = PBXGroup;
			children = (
				29B590A229C4B056004A99A4 /* Assets.xcassets */,
				29B590A429C4B056004A99A4 /* LaunchScreen.storyboard */,
				29B590A729C4B056004A99A4 /* Info.plist */,
			);
			name = Files;
			sourceTree = "<group>";
		};
		29B590AE29C4BBE8004A99A4 /* Login */ = {
			isa = PBXGroup;
			children = (
				29B5909D29C4B053004A99A4 /* LoginViewController.swift */,
				29B590AF29C4BE8D004A99A4 /* LoginView.swift */,
				29B590B629D2ED34004A99A4 /* DummyViewController.swift */,
			);
			path = Login;
			sourceTree = "<group>";
		};
		29B590B129CB4AA7004A99A4 /* Onboarding */ = {
			isa = PBXGroup;
			children = (
				29B590B229CB4AD8004A99A4 /* OnboardingContainerViewController.swift */,
				29B590B429CB62DD004A99A4 /* OnboardingViewController.swift */,
			);
			path = Onboarding;
			sourceTree = "<group>";
		};
		29B590B829D5961F004A99A4 /* Utils */ = {
			isa = PBXGroup;
			children = (
				29B590BD29D5C975004A99A4 /* UIViewController+Utils.swift */,
				29A8214829DD9DDC004618CF /* Decimal+Utils.swift */,
				29B590B929D59630004A99A4 /* LocalState.swift */,
				29A8214A29DD9E65004618CF /* CurrencyFormatter.swift */,
				29A8215B29E056D9004618CF /* NSNotificationName.swift */,
				29A8215D29E05C81004618CF /* UITextField+SecureToggle.swift */,
				29E1FABC29E30BB900C5953E /* Date+Utils.swift */,
			);
			path = Utils;
			sourceTree = "<group>";
		};
		29B590BF29D6E464004A99A4 /* AccountSummary */ = {
			isa = PBXGroup;
			children = (
				29B590C029D6E48F004A99A4 /* AccountSummaryViewController.swift */,
				29E1FABE29E56CAC00C5953E /* AccountSummaryViewController+Networking.swift */,
				29A8214329DADC8E004618CF /* Header */,
				29A8214529DADCE5004618CF /* Cells */,
			);
			path = AccountSummary;
			sourceTree = "<group>";
		};
/* End PBXGroup section */

/* Begin PBXNativeTarget section */
		29A8214F29DDC225004618CF /* BankyUnitTests */ = {
			isa = PBXNativeTarget;
			buildConfigurationList = 29A8215629DDC225004618CF /* Build configuration list for PBXNativeTarget "BankyUnitTests" */;
			buildPhases = (
				29A8214C29DDC225004618CF /* Sources */,
				29A8214D29DDC225004618CF /* Frameworks */,
				29A8214E29DDC225004618CF /* Resources */,
			);
			buildRules = (
			);
			dependencies = (
				29A8215529DDC225004618CF /* PBXTargetDependency */,
			);
			name = BankyUnitTests;
			productName = BankyUnitTests;
			productReference = 29A8215029DDC225004618CF /* BankyUnitTests.xctest */;
			productType = "com.apple.product-type.bundle.unit-test";
		};
		29B5909529C4B053004A99A4 /* Banky */ = {
			isa = PBXNativeTarget;
			buildConfigurationList = 29B590AA29C4B056004A99A4 /* Build configuration list for PBXNativeTarget "Banky" */;
			buildPhases = (
				29B5909229C4B053004A99A4 /* Sources */,
				29B5909329C4B053004A99A4 /* Frameworks */,
				29B5909429C4B053004A99A4 /* Resources */,
			);
			buildRules = (
			);
			dependencies = (
			);
			name = Banky;
			productName = Banky;
			productReference = 29B5909629C4B053004A99A4 /* Banky.app */;
			productType = "com.apple.product-type.application";
		};
/* End PBXNativeTarget section */

/* Begin PBXProject section */
		29B5908E29C4B053004A99A4 /* Project object */ = {
			isa = PBXProject;
			attributes = {
				BuildIndependentTargetsInParallel = 1;
				LastSwiftUpdateCheck = 1340;
				LastUpgradeCheck = 1340;
				TargetAttributes = {
					29A8214F29DDC225004618CF = {
						CreatedOnToolsVersion = 13.4.1;
						LastSwiftMigration = 1340;
						TestTargetID = 29B5909529C4B053004A99A4;
					};
					29B5909529C4B053004A99A4 = {
						CreatedOnToolsVersion = 13.4.1;
					};
				};
			};
			buildConfigurationList = 29B5909129C4B053004A99A4 /* Build configuration list for PBXProject "Banky" */;
			compatibilityVersion = "Xcode 13.0";
			developmentRegion = en;
			hasScannedForEncodings = 0;
			knownRegions = (
				en,
				Base,
			);
			mainGroup = 29B5908D29C4B053004A99A4;
			productRefGroup = 29B5909729C4B053004A99A4 /* Products */;
			projectDirPath = "";
			projectRoot = "";
			targets = (
				29B5909529C4B053004A99A4 /* Banky */,
				29A8214F29DDC225004618CF /* BankyUnitTests */,
			);
		};
/* End PBXProject section */

/* Begin PBXResourcesBuildPhase section */
		29A8214E29DDC225004618CF /* Resources */ = {
			isa = PBXResourcesBuildPhase;
			buildActionMask = 2147483647;
			files = (
			);
			runOnlyForDeploymentPostprocessing = 0;
		};
		29B5909429C4B053004A99A4 /* Resources */ = {
			isa = PBXResourcesBuildPhase;
			buildActionMask = 2147483647;
			files = (
				29B590C529D70A18004A99A4 /* AccountSummaryHeaderView.xib in Resources */,
				29B590A629C4B056004A99A4 /* LaunchScreen.storyboard in Resources */,
				29B590A329C4B056004A99A4 /* Assets.xcassets in Resources */,
			);
			runOnlyForDeploymentPostprocessing = 0;
		};
/* End PBXResourcesBuildPhase section */

/* Begin PBXSourcesBuildPhase section */
		29A8214C29DDC225004618CF /* Sources */ = {
			isa = PBXSourcesBuildPhase;
			buildActionMask = 2147483647;
			files = (
				29A8215A29DDC427004618CF /* CurrencyFormatterTests.swift in Sources */,
				2950080029E6E10A004F1877 /* AccountTests.swift in Sources */,
				295007FD29E6DB7C004F1877 /* ProfileTests.swift in Sources */,
			);
			runOnlyForDeploymentPostprocessing = 0;
		};
		29B5909229C4B053004A99A4 /* Sources */ = {
			isa = PBXSourcesBuildPhase;
			buildActionMask = 2147483647;
			files = (
				29B590B029C4BE8D004A99A4 /* LoginView.swift in Sources */,
				29E1FABD29E30BB900C5953E /* Date+Utils.swift in Sources */,
				29B590BA29D59630004A99A4 /* LocalState.swift in Sources */,
				29B590BE29D5C975004A99A4 /* UIViewController+Utils.swift in Sources */,
				29A8215E29E05C81004618CF /* UITextField+SecureToggle.swift in Sources */,
				29B590B729D2ED34004A99A4 /* DummyViewController.swift in Sources */,
				29A8214B29DD9E65004618CF /* CurrencyFormatter.swift in Sources */,
				29A8214929DD9DDC004618CF /* Decimal+Utils.swift in Sources */,
				29A8215C29E056D9004618CF /* NSNotificationName.swift in Sources */,
				29B5909E29C4B053004A99A4 /* LoginViewController.swift in Sources */,
				295007FA29E5A01A004F1877 /* AccountSummaryHeaderView.swift in Sources */,
				29A8216129E2BCA1004618CF /* ShakeyBellView.swift in Sources */,
				29A8214729DADD0B004618CF /* AccountSummaryCell.swift in Sources */,
				29B590B529CB62DD004A99A4 /* OnboardingViewController.swift in Sources */,
				29B5909A29C4B053004A99A4 /* AppDelegate.swift in Sources */,
				29B590C129D6E48F004A99A4 /* AccountSummaryViewController.swift in Sources */,
				29B590B329CB4AD8004A99A4 /* OnboardingContainerViewController.swift in Sources */,
				29B590BC29D5BD64004A99A4 /* MainViewController.swift in Sources */,
				29E1FABF29E56CAC00C5953E /* AccountSummaryViewController+Networking.swift in Sources */,
			);
			runOnlyForDeploymentPostprocessing = 0;
		};
/* End PBXSourcesBuildPhase section */

/* Begin PBXTargetDependency section */
		29A8215529DDC225004618CF /* PBXTargetDependency */ = {
			isa = PBXTargetDependency;
			target = 29B5909529C4B053004A99A4 /* Banky */;
			targetProxy = 29A8215429DDC225004618CF /* PBXContainerItemProxy */;
		};
/* End PBXTargetDependency section */

/* Begin PBXVariantGroup section */
		29B590A429C4B056004A99A4 /* LaunchScreen.storyboard */ = {
			isa = PBXVariantGroup;
			children = (
				29B590A529C4B056004A99A4 /* Base */,
			);
			name = LaunchScreen.storyboard;
			sourceTree = "<group>";
		};
/* End PBXVariantGroup section */

/* Begin XCBuildConfiguration section */
		29A8215729DDC225004618CF /* Debug */ = {
			isa = XCBuildConfiguration;
			buildSettings = {
				BUNDLE_LOADER = "$(TEST_HOST)";
				CLANG_ENABLE_MODULES = YES;
				CODE_SIGN_STYLE = Automatic;
				CURRENT_PROJECT_VERSION = 1;
				DEVELOPMENT_TEAM = QA2J7ABN78;
				GENERATE_INFOPLIST_FILE = YES;
				LD_RUNPATH_SEARCH_PATHS = (
					"$(inherited)",
					"@executable_path/Frameworks",
					"@loader_path/Frameworks",
				);
				MARKETING_VERSION = 1.0;
				PRODUCT_BUNDLE_IDENTIFIER = com.candichiu.BankyUnitTests;
				PRODUCT_NAME = "$(TARGET_NAME)";
				SWIFT_EMIT_LOC_STRINGS = NO;
				SWIFT_OPTIMIZATION_LEVEL = "-Onone";
				SWIFT_VERSION = 5.0;
				TARGETED_DEVICE_FAMILY = "1,2";
				TEST_HOST = "$(BUILT_PRODUCTS_DIR)/Banky.app/Banky";
			};
			name = Debug;
		};
		29A8215829DDC225004618CF /* Release */ = {
			isa = XCBuildConfiguration;
			buildSettings = {
				BUNDLE_LOADER = "$(TEST_HOST)";
				CLANG_ENABLE_MODULES = YES;
				CODE_SIGN_STYLE = Automatic;
				CURRENT_PROJECT_VERSION = 1;
				DEVELOPMENT_TEAM = QA2J7ABN78;
				GENERATE_INFOPLIST_FILE = YES;
				LD_RUNPATH_SEARCH_PATHS = (
					"$(inherited)",
					"@executable_path/Frameworks",
					"@loader_path/Frameworks",
				);
				MARKETING_VERSION = 1.0;
				PRODUCT_BUNDLE_IDENTIFIER = com.candichiu.BankyUnitTests;
				PRODUCT_NAME = "$(TARGET_NAME)";
				SWIFT_EMIT_LOC_STRINGS = NO;
				SWIFT_VERSION = 5.0;
				TARGETED_DEVICE_FAMILY = "1,2";
				TEST_HOST = "$(BUILT_PRODUCTS_DIR)/Banky.app/Banky";
			};
			name = Release;
		};
		29B590A829C4B056004A99A4 /* Debug */ = {
			isa = XCBuildConfiguration;
			buildSettings = {
				ALWAYS_SEARCH_USER_PATHS = NO;
				CLANG_ANALYZER_NONNULL = YES;
				CLANG_ANALYZER_NUMBER_OBJECT_CONVERSION = YES_AGGRESSIVE;
				CLANG_CXX_LANGUAGE_STANDARD = "gnu++17";
				CLANG_ENABLE_MODULES = YES;
				CLANG_ENABLE_OBJC_ARC = YES;
				CLANG_ENABLE_OBJC_WEAK = YES;
				CLANG_WARN_BLOCK_CAPTURE_AUTORELEASING = YES;
				CLANG_WARN_BOOL_CONVERSION = YES;
				CLANG_WARN_COMMA = YES;
				CLANG_WARN_CONSTANT_CONVERSION = YES;
				CLANG_WARN_DEPRECATED_OBJC_IMPLEMENTATIONS = YES;
				CLANG_WARN_DIRECT_OBJC_ISA_USAGE = YES_ERROR;
				CLANG_WARN_DOCUMENTATION_COMMENTS = YES;
				CLANG_WARN_EMPTY_BODY = YES;
				CLANG_WARN_ENUM_CONVERSION = YES;
				CLANG_WARN_INFINITE_RECURSION = YES;
				CLANG_WARN_INT_CONVERSION = YES;
				CLANG_WARN_NON_LITERAL_NULL_CONVERSION = YES;
				CLANG_WARN_OBJC_IMPLICIT_RETAIN_SELF = YES;
				CLANG_WARN_OBJC_LITERAL_CONVERSION = YES;
				CLANG_WARN_OBJC_ROOT_CLASS = YES_ERROR;
				CLANG_WARN_QUOTED_INCLUDE_IN_FRAMEWORK_HEADER = YES;
				CLANG_WARN_RANGE_LOOP_ANALYSIS = YES;
				CLANG_WARN_STRICT_PROTOTYPES = YES;
				CLANG_WARN_SUSPICIOUS_MOVE = YES;
				CLANG_WARN_UNGUARDED_AVAILABILITY = YES_AGGRESSIVE;
				CLANG_WARN_UNREACHABLE_CODE = YES;
				CLANG_WARN__DUPLICATE_METHOD_MATCH = YES;
				COPY_PHASE_STRIP = NO;
				DEBUG_INFORMATION_FORMAT = dwarf;
				ENABLE_STRICT_OBJC_MSGSEND = YES;
				ENABLE_TESTABILITY = YES;
				GCC_C_LANGUAGE_STANDARD = gnu11;
				GCC_DYNAMIC_NO_PIC = NO;
				GCC_NO_COMMON_BLOCKS = YES;
				GCC_OPTIMIZATION_LEVEL = 0;
				GCC_PREPROCESSOR_DEFINITIONS = (
					"DEBUG=1",
					"$(inherited)",
				);
				GCC_WARN_64_TO_32_BIT_CONVERSION = YES;
				GCC_WARN_ABOUT_RETURN_TYPE = YES_ERROR;
				GCC_WARN_UNDECLARED_SELECTOR = YES;
				GCC_WARN_UNINITIALIZED_AUTOS = YES_AGGRESSIVE;
				GCC_WARN_UNUSED_FUNCTION = YES;
				GCC_WARN_UNUSED_VARIABLE = YES;
				IPHONEOS_DEPLOYMENT_TARGET = 15.5;
				MTL_ENABLE_DEBUG_INFO = INCLUDE_SOURCE;
				MTL_FAST_MATH = YES;
				ONLY_ACTIVE_ARCH = YES;
				SDKROOT = iphoneos;
				SWIFT_ACTIVE_COMPILATION_CONDITIONS = DEBUG;
				SWIFT_OPTIMIZATION_LEVEL = "-Onone";
			};
			name = Debug;
		};
		29B590A929C4B056004A99A4 /* Release */ = {
			isa = XCBuildConfiguration;
			buildSettings = {
				ALWAYS_SEARCH_USER_PATHS = NO;
				CLANG_ANALYZER_NONNULL = YES;
				CLANG_ANALYZER_NUMBER_OBJECT_CONVERSION = YES_AGGRESSIVE;
				CLANG_CXX_LANGUAGE_STANDARD = "gnu++17";
				CLANG_ENABLE_MODULES = YES;
				CLANG_ENABLE_OBJC_ARC = YES;
				CLANG_ENABLE_OBJC_WEAK = YES;
				CLANG_WARN_BLOCK_CAPTURE_AUTORELEASING = YES;
				CLANG_WARN_BOOL_CONVERSION = YES;
				CLANG_WARN_COMMA = YES;
				CLANG_WARN_CONSTANT_CONVERSION = YES;
				CLANG_WARN_DEPRECATED_OBJC_IMPLEMENTATIONS = YES;
				CLANG_WARN_DIRECT_OBJC_ISA_USAGE = YES_ERROR;
				CLANG_WARN_DOCUMENTATION_COMMENTS = YES;
				CLANG_WARN_EMPTY_BODY = YES;
				CLANG_WARN_ENUM_CONVERSION = YES;
				CLANG_WARN_INFINITE_RECURSION = YES;
				CLANG_WARN_INT_CONVERSION = YES;
				CLANG_WARN_NON_LITERAL_NULL_CONVERSION = YES;
				CLANG_WARN_OBJC_IMPLICIT_RETAIN_SELF = YES;
				CLANG_WARN_OBJC_LITERAL_CONVERSION = YES;
				CLANG_WARN_OBJC_ROOT_CLASS = YES_ERROR;
				CLANG_WARN_QUOTED_INCLUDE_IN_FRAMEWORK_HEADER = YES;
				CLANG_WARN_RANGE_LOOP_ANALYSIS = YES;
				CLANG_WARN_STRICT_PROTOTYPES = YES;
				CLANG_WARN_SUSPICIOUS_MOVE = YES;
				CLANG_WARN_UNGUARDED_AVAILABILITY = YES_AGGRESSIVE;
				CLANG_WARN_UNREACHABLE_CODE = YES;
				CLANG_WARN__DUPLICATE_METHOD_MATCH = YES;
				COPY_PHASE_STRIP = NO;
				DEBUG_INFORMATION_FORMAT = "dwarf-with-dsym";
				ENABLE_NS_ASSERTIONS = NO;
				ENABLE_STRICT_OBJC_MSGSEND = YES;
				GCC_C_LANGUAGE_STANDARD = gnu11;
				GCC_NO_COMMON_BLOCKS = YES;
				GCC_WARN_64_TO_32_BIT_CONVERSION = YES;
				GCC_WARN_ABOUT_RETURN_TYPE = YES_ERROR;
				GCC_WARN_UNDECLARED_SELECTOR = YES;
				GCC_WARN_UNINITIALIZED_AUTOS = YES_AGGRESSIVE;
				GCC_WARN_UNUSED_FUNCTION = YES;
				GCC_WARN_UNUSED_VARIABLE = YES;
				IPHONEOS_DEPLOYMENT_TARGET = 15.5;
				MTL_ENABLE_DEBUG_INFO = NO;
				MTL_FAST_MATH = YES;
				SDKROOT = iphoneos;
				SWIFT_COMPILATION_MODE = wholemodule;
				SWIFT_OPTIMIZATION_LEVEL = "-O";
				VALIDATE_PRODUCT = YES;
			};
			name = Release;
		};
		29B590AB29C4B056004A99A4 /* Debug */ = {
			isa = XCBuildConfiguration;
			buildSettings = {
				ASSETCATALOG_COMPILER_APPICON_NAME = AppIcon;
				ASSETCATALOG_COMPILER_GLOBAL_ACCENT_COLOR_NAME = AccentColor;
				CODE_SIGN_STYLE = Automatic;
				CURRENT_PROJECT_VERSION = 1;
				DEVELOPMENT_TEAM = QA2J7ABN78;
				GENERATE_INFOPLIST_FILE = YES;
				INFOPLIST_FILE = Banky/Info.plist;
				INFOPLIST_KEY_UIApplicationSupportsIndirectInputEvents = YES;
				INFOPLIST_KEY_UILaunchStoryboardName = LaunchScreen;
				INFOPLIST_KEY_UISupportedInterfaceOrientations_iPad = "UIInterfaceOrientationPortrait UIInterfaceOrientationPortraitUpsideDown UIInterfaceOrientationLandscapeLeft UIInterfaceOrientationLandscapeRight";
				INFOPLIST_KEY_UISupportedInterfaceOrientations_iPhone = "UIInterfaceOrientationPortrait UIInterfaceOrientationLandscapeLeft UIInterfaceOrientationLandscapeRight";
				LD_RUNPATH_SEARCH_PATHS = (
					"$(inherited)",
					"@executable_path/Frameworks",
				);
				MARKETING_VERSION = 1.0;
				PRODUCT_BUNDLE_IDENTIFIER = com.candichiu.Banky;
				PRODUCT_NAME = "$(TARGET_NAME)";
				SWIFT_EMIT_LOC_STRINGS = YES;
				SWIFT_VERSION = 5.0;
				TARGETED_DEVICE_FAMILY = "1,2";
			};
			name = Debug;
		};
		29B590AC29C4B056004A99A4 /* Release */ = {
			isa = XCBuildConfiguration;
			buildSettings = {
				ASSETCATALOG_COMPILER_APPICON_NAME = AppIcon;
				ASSETCATALOG_COMPILER_GLOBAL_ACCENT_COLOR_NAME = AccentColor;
				CODE_SIGN_STYLE = Automatic;
				CURRENT_PROJECT_VERSION = 1;
				DEVELOPMENT_TEAM = QA2J7ABN78;
				GENERATE_INFOPLIST_FILE = YES;
				INFOPLIST_FILE = Banky/Info.plist;
				INFOPLIST_KEY_UIApplicationSupportsIndirectInputEvents = YES;
				INFOPLIST_KEY_UILaunchStoryboardName = LaunchScreen;
				INFOPLIST_KEY_UISupportedInterfaceOrientations_iPad = "UIInterfaceOrientationPortrait UIInterfaceOrientationPortraitUpsideDown UIInterfaceOrientationLandscapeLeft UIInterfaceOrientationLandscapeRight";
				INFOPLIST_KEY_UISupportedInterfaceOrientations_iPhone = "UIInterfaceOrientationPortrait UIInterfaceOrientationLandscapeLeft UIInterfaceOrientationLandscapeRight";
				LD_RUNPATH_SEARCH_PATHS = (
					"$(inherited)",
					"@executable_path/Frameworks",
				);
				MARKETING_VERSION = 1.0;
				PRODUCT_BUNDLE_IDENTIFIER = com.candichiu.Banky;
				PRODUCT_NAME = "$(TARGET_NAME)";
				SWIFT_EMIT_LOC_STRINGS = YES;
				SWIFT_VERSION = 5.0;
				TARGETED_DEVICE_FAMILY = "1,2";
			};
			name = Release;
		};
/* End XCBuildConfiguration section */

/* Begin XCConfigurationList section */
		29A8215629DDC225004618CF /* Build configuration list for PBXNativeTarget "BankyUnitTests" */ = {
			isa = XCConfigurationList;
			buildConfigurations = (
				29A8215729DDC225004618CF /* Debug */,
				29A8215829DDC225004618CF /* Release */,
			);
			defaultConfigurationIsVisible = 0;
			defaultConfigurationName = Release;
		};
		29B5909129C4B053004A99A4 /* Build configuration list for PBXProject "Banky" */ = {
			isa = XCConfigurationList;
			buildConfigurations = (
				29B590A829C4B056004A99A4 /* Debug */,
				29B590A929C4B056004A99A4 /* Release */,
			);
			defaultConfigurationIsVisible = 0;
			defaultConfigurationName = Release;
		};
		29B590AA29C4B056004A99A4 /* Build configuration list for PBXNativeTarget "Banky" */ = {
			isa = XCConfigurationList;
			buildConfigurations = (
				29B590AB29C4B056004A99A4 /* Debug */,
				29B590AC29C4B056004A99A4 /* Release */,
			);
			defaultConfigurationIsVisible = 0;
			defaultConfigurationName = Release;
		};
/* End XCConfigurationList section */
	};
	rootObject = 29B5908E29C4B053004A99A4 /* Project object */;
}
