// !$*UTF8*$!
{
	archiveVersion = 1;
	classes = {
	};
	objectVersion = 55;
	objects = {

/* Begin PBXBuildFile section */
		292628A329F1405800C1C934 /* AppDelegate.swift in Sources */ = {isa = PBXBuildFile; fileRef = 292628A229F1405800C1C934 /* AppDelegate.swift */; };
		292628A729F1405800C1C934 /* ViewController.swift in Sources */ = {isa = PBXBuildFile; fileRef = 292628A629F1405800C1C934 /* ViewController.swift */; };
		292628AC29F1405B00C1C934 /* Assets.xcassets in Resources */ = {isa = PBXBuildFile; fileRef = 292628AB29F1405B00C1C934 /* Assets.xcassets */; };
		292628AF29F1405B00C1C934 /* LaunchScreen.storyboard in Resources */ = {isa = PBXBuildFile; fileRef = 292628AD29F1405B00C1C934 /* LaunchScreen.storyboard */; };
		292628B829F1669500C1C934 /* PasswordTextField.swift in Sources */ = {isa = PBXBuildFile; fileRef = 292628B729F1669500C1C934 /* PasswordTextField.swift */; };
		292E051829FBFDB300B6396E /* PasswordStatusView.swift in Sources */ = {isa = PBXBuildFile; fileRef = 292E051729FBFDB300B6396E /* PasswordStatusView.swift */; };
		2936C9BF2A123D88000191DA /* UIResponder+Utils.swift in Sources */ = {isa = PBXBuildFile; fileRef = 2936C9BE2A123D88000191DA /* UIResponder+Utils.swift */; };
		2936C9D12A1387D8000191DA /* PasswordCriteriaTests.swift in Sources */ = {isa = PBXBuildFile; fileRef = 2936C9D02A1387D8000191DA /* PasswordCriteriaTests.swift */; };
		2936C9D32A13935D000191DA /* PasswordStatusViewTests.swift in Sources */ = {isa = PBXBuildFile; fileRef = 2936C9D22A13935D000191DA /* PasswordStatusViewTests.swift */; };
		2936C9D52A14E3E4000191DA /* ViewControllerTests.swift in Sources */ = {isa = PBXBuildFile; fileRef = 2936C9D42A14E3E4000191DA /* ViewControllerTests.swift */; };
		293C8E9B29F9578B00C6B1D4 /* PasswordCriteriaView.swift in Sources */ = {isa = PBXBuildFile; fileRef = 293C8E9A29F9578A00C6B1D4 /* PasswordCriteriaView.swift */; };
		294870C22A03E14900D99FC2 /* PasswordCriteria.swift in Sources */ = {isa = PBXBuildFile; fileRef = 294870C12A03E14900D99FC2 /* PasswordCriteria.swift */; };
/* End PBXBuildFile section */

/* Begin PBXContainerItemProxy section */
		2936C9CB2A138799000191DA /* PBXContainerItemProxy */ = {
			isa = PBXContainerItemProxy;
			containerPortal = 2926289729F1405800C1C934 /* Project object */;
			proxyType = 1;
			remoteGlobalIDString = 2926289E29F1405800C1C934;
			remoteInfo = Password;
		};
/* End PBXContainerItemProxy section */

/* Begin PBXFileReference section */
		2926289F29F1405800C1C934 /* Password.app */ = {isa = PBXFileReference; explicitFileType = wrapper.application; includeInIndex = 0; path = Password.app; sourceTree = BUILT_PRODUCTS_DIR; };
		292628A229F1405800C1C934 /* AppDelegate.swift */ = {isa = PBXFileReference; lastKnownFileType = sourcecode.swift; path = AppDelegate.swift; sourceTree = "<group>"; };
		292628A629F1405800C1C934 /* ViewController.swift */ = {isa = PBXFileReference; lastKnownFileType = sourcecode.swift; path = ViewController.swift; sourceTree = "<group>"; };
		292628AB29F1405B00C1C934 /* Assets.xcassets */ = {isa = PBXFileReference; lastKnownFileType = folder.assetcatalog; path = Assets.xcassets; sourceTree = "<group>"; };
		292628AE29F1405B00C1C934 /* Base */ = {isa = PBXFileReference; lastKnownFileType = file.storyboard; name = Base; path = Base.lproj/LaunchScreen.storyboard; sourceTree = "<group>"; };
		292628B029F1405B00C1C934 /* Info.plist */ = {isa = PBXFileReference; lastKnownFileType = text.plist.xml; path = Info.plist; sourceTree = "<group>"; };
		292628B729F1669500C1C934 /* PasswordTextField.swift */ = {isa = PBXFileReference; lastKnownFileType = sourcecode.swift; path = PasswordTextField.swift; sourceTree = "<group>"; };
		292E051729FBFDB300B6396E /* PasswordStatusView.swift */ = {isa = PBXFileReference; lastKnownFileType = sourcecode.swift; path = PasswordStatusView.swift; sourceTree = "<group>"; };
		2936C9BE2A123D88000191DA /* UIResponder+Utils.swift */ = {isa = PBXFileReference; lastKnownFileType = sourcecode.swift; path = "UIResponder+Utils.swift"; sourceTree = "<group>"; };
		2936C9C72A138799000191DA /* PasswordTests.xctest */ = {isa = PBXFileReference; explicitFileType = wrapper.cfbundle; includeInIndex = 0; path = PasswordTests.xctest; sourceTree = BUILT_PRODUCTS_DIR; };
		2936C9D02A1387D8000191DA /* PasswordCriteriaTests.swift */ = {isa = PBXFileReference; lastKnownFileType = sourcecode.swift; path = PasswordCriteriaTests.swift; sourceTree = "<group>"; };
		2936C9D22A13935D000191DA /* PasswordStatusViewTests.swift */ = {isa = PBXFileReference; lastKnownFileType = sourcecode.swift; path = PasswordStatusViewTests.swift; sourceTree = "<group>"; };
		2936C9D42A14E3E4000191DA /* ViewControllerTests.swift */ = {isa = PBXFileReference; lastKnownFileType = sourcecode.swift; path = ViewControllerTests.swift; sourceTree = "<group>"; };
		293C8E9A29F9578A00C6B1D4 /* PasswordCriteriaView.swift */ = {isa = PBXFileReference; lastKnownFileType = sourcecode.swift; path = PasswordCriteriaView.swift; sourceTree = "<group>"; };
		294870C12A03E14900D99FC2 /* PasswordCriteria.swift */ = {isa = PBXFileReference; lastKnownFileType = sourcecode.swift; path = PasswordCriteria.swift; sourceTree = "<group>"; };
/* End PBXFileReference section */

/* Begin PBXFrameworksBuildPhase section */
		2926289C29F1405800C1C934 /* Frameworks */ = {
			isa = PBXFrameworksBuildPhase;
			buildActionMask = 2147483647;
			files = (
			);
			runOnlyForDeploymentPostprocessing = 0;
		};
		2936C9C42A138799000191DA /* Frameworks */ = {
			isa = PBXFrameworksBuildPhase;
			buildActionMask = 2147483647;
			files = (
			);
			runOnlyForDeploymentPostprocessing = 0;
		};
/* End PBXFrameworksBuildPhase section */

/* Begin PBXGroup section */
		2926289629F1405800C1C934 = {
			isa = PBXGroup;
			children = (
				292628A129F1405800C1C934 /* Password */,
				293C8E9929F9573F00C6B1D4 /* PasswordStatusView */,
				2936C9C82A138799000191DA /* PasswordTests */,
				292628A029F1405800C1C934 /* Products */,
			);
			sourceTree = "<group>";
		};
		292628A029F1405800C1C934 /* Products */ = {
			isa = PBXGroup;
			children = (
				2926289F29F1405800C1C934 /* Password.app */,
				2936C9C72A138799000191DA /* PasswordTests.xctest */,
			);
			name = Products;
			sourceTree = "<group>";
		};
		292628A129F1405800C1C934 /* Password */ = {
			isa = PBXGroup;
			children = (
				2936C9BD2A123D5F000191DA /* Utils */,
				292628B629F1408300C1C934 /* Files */,
				292628A229F1405800C1C934 /* AppDelegate.swift */,
				292628A629F1405800C1C934 /* ViewController.swift */,
				292628B729F1669500C1C934 /* PasswordTextField.swift */,
			);
			path = Password;
			sourceTree = "<group>";
		};
		292628B629F1408300C1C934 /* Files */ = {
			isa = PBXGroup;
			children = (
				292628AB29F1405B00C1C934 /* Assets.xcassets */,
				292628AD29F1405B00C1C934 /* LaunchScreen.storyboard */,
				292628B029F1405B00C1C934 /* Info.plist */,
			);
			name = Files;
			sourceTree = "<group>";
		};
		2936C9BD2A123D5F000191DA /* Utils */ = {
			isa = PBXGroup;
			children = (
				2936C9BE2A123D88000191DA /* UIResponder+Utils.swift */,
			);
			name = Utils;
			sourceTree = "<group>";
		};
		2936C9C82A138799000191DA /* PasswordTests */ = {
			isa = PBXGroup;
			children = (
				2936C9D02A1387D8000191DA /* PasswordCriteriaTests.swift */,
				2936C9D22A13935D000191DA /* PasswordStatusViewTests.swift */,
				2936C9D42A14E3E4000191DA /* ViewControllerTests.swift */,
			);
			path = PasswordTests;
			sourceTree = "<group>";
		};
		293C8E9929F9573F00C6B1D4 /* PasswordStatusView */ = {
			isa = PBXGroup;
			children = (
				293C8E9A29F9578A00C6B1D4 /* PasswordCriteriaView.swift */,
				292E051729FBFDB300B6396E /* PasswordStatusView.swift */,
				294870C12A03E14900D99FC2 /* PasswordCriteria.swift */,
			);
			path = PasswordStatusView;
			sourceTree = "<group>";
		};
/* End PBXGroup section */

/* Begin PBXNativeTarget section */
		2926289E29F1405800C1C934 /* Password */ = {
			isa = PBXNativeTarget;
			buildConfigurationList = 292628B329F1405B00C1C934 /* Build configuration list for PBXNativeTarget "Password" */;
			buildPhases = (
				2926289B29F1405800C1C934 /* Sources */,
				2926289C29F1405800C1C934 /* Frameworks */,
				2926289D29F1405800C1C934 /* Resources */,
			);
			buildRules = (
			);
			dependencies = (
			);
			name = Password;
			productName = Password;
			productReference = 2926289F29F1405800C1C934 /* Password.app */;
			productType = "com.apple.product-type.application";
		};
		2936C9C62A138799000191DA /* PasswordTests */ = {
			isa = PBXNativeTarget;
			buildConfigurationList = 2936C9CD2A138799000191DA /* Build configuration list for PBXNativeTarget "PasswordTests" */;
			buildPhases = (
				2936C9C32A138799000191DA /* Sources */,
				2936C9C42A138799000191DA /* Frameworks */,
				2936C9C52A138799000191DA /* Resources */,
			);
			buildRules = (
			);
			dependencies = (
				2936C9CC2A138799000191DA /* PBXTargetDependency */,
			);
			name = PasswordTests;
			productName = PasswordTests;
			productReference = 2936C9C72A138799000191DA /* PasswordTests.xctest */;
			productType = "com.apple.product-type.bundle.unit-test";
		};
/* End PBXNativeTarget section */

/* Begin PBXProject section */
		2926289729F1405800C1C934 /* Project object */ = {
			isa = PBXProject;
			attributes = {
				BuildIndependentTargetsInParallel = 1;
				LastSwiftUpdateCheck = 1340;
				LastUpgradeCheck = 1340;
				TargetAttributes = {
					2926289E29F1405800C1C934 = {
						CreatedOnToolsVersion = 13.4.1;
					};
					2936C9C62A138799000191DA = {
						CreatedOnToolsVersion = 13.4.1;
						LastSwiftMigration = 1340;
						TestTargetID = 2926289E29F1405800C1C934;
					};
				};
			};
			buildConfigurationList = 2926289A29F1405800C1C934 /* Build configuration list for PBXProject "Password" */;
			compatibilityVersion = "Xcode 13.0";
			developmentRegion = en;
			hasScannedForEncodings = 0;
			knownRegions = (
				en,
				Base,
			);
			mainGroup = 2926289629F1405800C1C934;
			productRefGroup = 292628A029F1405800C1C934 /* Products */;
			projectDirPath = "";
			projectRoot = "";
			targets = (
				2926289E29F1405800C1C934 /* Password */,
				2936C9C62A138799000191DA /* PasswordTests */,
			);
		};
/* End PBXProject section */

/* Begin PBXResourcesBuildPhase section */
		2926289D29F1405800C1C934 /* Resources */ = {
			isa = PBXResourcesBuildPhase;
			buildActionMask = 2147483647;
			files = (
				292628AF29F1405B00C1C934 /* LaunchScreen.storyboard in Resources */,
				292628AC29F1405B00C1C934 /* Assets.xcassets in Resources */,
			);
			runOnlyForDeploymentPostprocessing = 0;
		};
		2936C9C52A138799000191DA /* Resources */ = {
			isa = PBXResourcesBuildPhase;
			buildActionMask = 2147483647;
			files = (
			);
			runOnlyForDeploymentPostprocessing = 0;
		};
/* End PBXResourcesBuildPhase section */

/* Begin PBXSourcesBuildPhase section */
		2926289B29F1405800C1C934 /* Sources */ = {
			isa = PBXSourcesBuildPhase;
			buildActionMask = 2147483647;
			files = (
				292628A729F1405800C1C934 /* ViewController.swift in Sources */,
				2936C9BF2A123D88000191DA /* UIResponder+Utils.swift in Sources */,
				294870C22A03E14900D99FC2 /* PasswordCriteria.swift in Sources */,
				292628A329F1405800C1C934 /* AppDelegate.swift in Sources */,
				293C8E9B29F9578B00C6B1D4 /* PasswordCriteriaView.swift in Sources */,
				292E051829FBFDB300B6396E /* PasswordStatusView.swift in Sources */,
				292628B829F1669500C1C934 /* PasswordTextField.swift in Sources */,
			);
			runOnlyForDeploymentPostprocessing = 0;
		};
		2936C9C32A138799000191DA /* Sources */ = {
			isa = PBXSourcesBuildPhase;
			buildActionMask = 2147483647;
			files = (
				2936C9D52A14E3E4000191DA /* ViewControllerTests.swift in Sources */,
				2936C9D12A1387D8000191DA /* PasswordCriteriaTests.swift in Sources */,
				2936C9D32A13935D000191DA /* PasswordStatusViewTests.swift in Sources */,
			);
			runOnlyForDeploymentPostprocessing = 0;
		};
/* End PBXSourcesBuildPhase section */

/* Begin PBXTargetDependency section */
		2936C9CC2A138799000191DA /* PBXTargetDependency */ = {
			isa = PBXTargetDependency;
			target = 2926289E29F1405800C1C934 /* Password */;
			targetProxy = 2936C9CB2A138799000191DA /* PBXContainerItemProxy */;
		};
/* End PBXTargetDependency section */

/* Begin PBXVariantGroup section */
		292628AD29F1405B00C1C934 /* LaunchScreen.storyboard */ = {
			isa = PBXVariantGroup;
			children = (
				292628AE29F1405B00C1C934 /* Base */,
			);
			name = LaunchScreen.storyboard;
			sourceTree = "<group>";
		};
/* End PBXVariantGroup section */

/* Begin XCBuildConfiguration section */
		292628B129F1405B00C1C934 /* Debug */ = {
			isa = XCBuildConfiguration;
			buildSettings = {
				ALWAYS_SEARCH_USER_PATHS = NO;
				CLANG_ANALYZER_NONNULL = YES;
				CLANG_ANALYZER_NUMBER_OBJECT_CONVERSION = YES_AGGRESSIVE;
				CLANG_CXX_LANGUAGE_STANDARD = "gnu++17";
				CLANG_ENABLE_MODULES = YES;
				CLANG_ENABLE_OBJC_ARC = YES;
				CLANG_ENABLE_OBJC_WEAK = YES;
				CLANG_WARN_BLOCK_CAPTURE_AUTORELEASING = YES;
				CLANG_WARN_BOOL_CONVERSION = YES;
				CLANG_WARN_COMMA = YES;
				CLANG_WARN_CONSTANT_CONVERSION = YES;
				CLANG_WARN_DEPRECATED_OBJC_IMPLEMENTATIONS = YES;
				CLANG_WARN_DIRECT_OBJC_ISA_USAGE = YES_ERROR;
				CLANG_WARN_DOCUMENTATION_COMMENTS = YES;
				CLANG_WARN_EMPTY_BODY = YES;
				CLANG_WARN_ENUM_CONVERSION = YES;
				CLANG_WARN_INFINITE_RECURSION = YES;
				CLANG_WARN_INT_CONVERSION = YES;
				CLANG_WARN_NON_LITERAL_NULL_CONVERSION = YES;
				CLANG_WARN_OBJC_IMPLICIT_RETAIN_SELF = YES;
				CLANG_WARN_OBJC_LITERAL_CONVERSION = YES;
				CLANG_WARN_OBJC_ROOT_CLASS = YES_ERROR;
				CLANG_WARN_QUOTED_INCLUDE_IN_FRAMEWORK_HEADER = YES;
				CLANG_WARN_RANGE_LOOP_ANALYSIS = YES;
				CLANG_WARN_STRICT_PROTOTYPES = YES;
				CLANG_WARN_SUSPICIOUS_MOVE = YES;
				CLANG_WARN_UNGUARDED_AVAILABILITY = YES_AGGRESSIVE;
				CLANG_WARN_UNREACHABLE_CODE = YES;
				CLANG_WARN__DUPLICATE_METHOD_MATCH = YES;
				COPY_PHASE_STRIP = NO;
				DEBUG_INFORMATION_FORMAT = dwarf;
				ENABLE_STRICT_OBJC_MSGSEND = YES;
				ENABLE_TESTABILITY = YES;
				GCC_C_LANGUAGE_STANDARD = gnu11;
				GCC_DYNAMIC_NO_PIC = NO;
				GCC_NO_COMMON_BLOCKS = YES;
				GCC_OPTIMIZATION_LEVEL = 0;
				GCC_PREPROCESSOR_DEFINITIONS = (
					"DEBUG=1",
					"$(inherited)",
				);
				GCC_WARN_64_TO_32_BIT_CONVERSION = YES;
				GCC_WARN_ABOUT_RETURN_TYPE = YES_ERROR;
				GCC_WARN_UNDECLARED_SELECTOR = YES;
				GCC_WARN_UNINITIALIZED_AUTOS = YES_AGGRESSIVE;
				GCC_WARN_UNUSED_FUNCTION = YES;
				GCC_WARN_UNUSED_VARIABLE = YES;
				IPHONEOS_DEPLOYMENT_TARGET = 15.5;
				MTL_ENABLE_DEBUG_INFO = INCLUDE_SOURCE;
				MTL_FAST_MATH = YES;
				ONLY_ACTIVE_ARCH = YES;
				SDKROOT = iphoneos;
				SWIFT_ACTIVE_COMPILATION_CONDITIONS = DEBUG;
				SWIFT_OPTIMIZATION_LEVEL = "-Onone";
			};
			name = Debug;
		};
		292628B229F1405B00C1C934 /* Release */ = {
			isa = XCBuildConfiguration;
			buildSettings = {
				ALWAYS_SEARCH_USER_PATHS = NO;
				CLANG_ANALYZER_NONNULL = YES;
				CLANG_ANALYZER_NUMBER_OBJECT_CONVERSION = YES_AGGRESSIVE;
				CLANG_CXX_LANGUAGE_STANDARD = "gnu++17";
				CLANG_ENABLE_MODULES = YES;
				CLANG_ENABLE_OBJC_ARC = YES;
				CLANG_ENABLE_OBJC_WEAK = YES;
				CLANG_WARN_BLOCK_CAPTURE_AUTORELEASING = YES;
				CLANG_WARN_BOOL_CONVERSION = YES;
				CLANG_WARN_COMMA = YES;
				CLANG_WARN_CONSTANT_CONVERSION = YES;
				CLANG_WARN_DEPRECATED_OBJC_IMPLEMENTATIONS = YES;
				CLANG_WARN_DIRECT_OBJC_ISA_USAGE = YES_ERROR;
				CLANG_WARN_DOCUMENTATION_COMMENTS = YES;
				CLANG_WARN_EMPTY_BODY = YES;
				CLANG_WARN_ENUM_CONVERSION = YES;
				CLANG_WARN_INFINITE_RECURSION = YES;
				CLANG_WARN_INT_CONVERSION = YES;
				CLANG_WARN_NON_LITERAL_NULL_CONVERSION = YES;
				CLANG_WARN_OBJC_IMPLICIT_RETAIN_SELF = YES;
				CLANG_WARN_OBJC_LITERAL_CONVERSION = YES;
				CLANG_WARN_OBJC_ROOT_CLASS = YES_ERROR;
				CLANG_WARN_QUOTED_INCLUDE_IN_FRAMEWORK_HEADER = YES;
				CLANG_WARN_RANGE_LOOP_ANALYSIS = YES;
				CLANG_WARN_STRICT_PROTOTYPES = YES;
				CLANG_WARN_SUSPICIOUS_MOVE = YES;
				CLANG_WARN_UNGUARDED_AVAILABILITY = YES_AGGRESSIVE;
				CLANG_WARN_UNREACHABLE_CODE = YES;
				CLANG_WARN__DUPLICATE_METHOD_MATCH = YES;
				COPY_PHASE_STRIP = NO;
				DEBUG_INFORMATION_FORMAT = "dwarf-with-dsym";
				ENABLE_NS_ASSERTIONS = NO;
				ENABLE_STRICT_OBJC_MSGSEND = YES;
				GCC_C_LANGUAGE_STANDARD = gnu11;
				GCC_NO_COMMON_BLOCKS = YES;
				GCC_WARN_64_TO_32_BIT_CONVERSION = YES;
				GCC_WARN_ABOUT_RETURN_TYPE = YES_ERROR;
				GCC_WARN_UNDECLARED_SELECTOR = YES;
				GCC_WARN_UNINITIALIZED_AUTOS = YES_AGGRESSIVE;
				GCC_WARN_UNUSED_FUNCTION = YES;
				GCC_WARN_UNUSED_VARIABLE = YES;
				IPHONEOS_DEPLOYMENT_TARGET = 15.5;
				MTL_ENABLE_DEBUG_INFO = NO;
				MTL_FAST_MATH = YES;
				SDKROOT = iphoneos;
				SWIFT_COMPILATION_MODE = wholemodule;
				SWIFT_OPTIMIZATION_LEVEL = "-O";
				VALIDATE_PRODUCT = YES;
			};
			name = Release;
		};
		292628B429F1405B00C1C934 /* Debug */ = {
			isa = XCBuildConfiguration;
			buildSettings = {
				ASSETCATALOG_COMPILER_APPICON_NAME = AppIcon;
				ASSETCATALOG_COMPILER_GLOBAL_ACCENT_COLOR_NAME = AccentColor;
				CODE_SIGN_STYLE = Automatic;
				CURRENT_PROJECT_VERSION = 1;
				DEVELOPMENT_TEAM = QA2J7ABN78;
				GENERATE_INFOPLIST_FILE = YES;
				INFOPLIST_FILE = Password/Info.plist;
				INFOPLIST_KEY_UIApplicationSupportsIndirectInputEvents = YES;
				INFOPLIST_KEY_UILaunchStoryboardName = LaunchScreen;
				INFOPLIST_KEY_UISupportedInterfaceOrientations_iPad = "UIInterfaceOrientationPortrait UIInterfaceOrientationPortraitUpsideDown UIInterfaceOrientationLandscapeLeft UIInterfaceOrientationLandscapeRight";
				INFOPLIST_KEY_UISupportedInterfaceOrientations_iPhone = "UIInterfaceOrientationPortrait UIInterfaceOrientationLandscapeLeft UIInterfaceOrientationLandscapeRight";
				LD_RUNPATH_SEARCH_PATHS = (
					"$(inherited)",
					"@executable_path/Frameworks",
				);
				MARKETING_VERSION = 1.0;
				PRODUCT_BUNDLE_IDENTIFIER = com.candichiu.Password;
				PRODUCT_NAME = "$(TARGET_NAME)";
				SWIFT_EMIT_LOC_STRINGS = YES;
				SWIFT_VERSION = 5.0;
				TARGETED_DEVICE_FAMILY = "1,2";
			};
			name = Debug;
		};
		292628B529F1405B00C1C934 /* Release */ = {
			isa = XCBuildConfiguration;
			buildSettings = {
				ASSETCATALOG_COMPILER_APPICON_NAME = AppIcon;
				ASSETCATALOG_COMPILER_GLOBAL_ACCENT_COLOR_NAME = AccentColor;
				CODE_SIGN_STYLE = Automatic;
				CURRENT_PROJECT_VERSION = 1;
				DEVELOPMENT_TEAM = QA2J7ABN78;
				GENERATE_INFOPLIST_FILE = YES;
				INFOPLIST_FILE = Password/Info.plist;
				INFOPLIST_KEY_UIApplicationSupportsIndirectInputEvents = YES;
				INFOPLIST_KEY_UILaunchStoryboardName = LaunchScreen;
				INFOPLIST_KEY_UISupportedInterfaceOrientations_iPad = "UIInterfaceOrientationPortrait UIInterfaceOrientationPortraitUpsideDown UIInterfaceOrientationLandscapeLeft UIInterfaceOrientationLandscapeRight";
				INFOPLIST_KEY_UISupportedInterfaceOrientations_iPhone = "UIInterfaceOrientationPortrait UIInterfaceOrientationLandscapeLeft UIInterfaceOrientationLandscapeRight";
				LD_RUNPATH_SEARCH_PATHS = (
					"$(inherited)",
					"@executable_path/Frameworks",
				);
				MARKETING_VERSION = 1.0;
				PRODUCT_BUNDLE_IDENTIFIER = com.candichiu.Password;
				PRODUCT_NAME = "$(TARGET_NAME)";
				SWIFT_EMIT_LOC_STRINGS = YES;
				SWIFT_VERSION = 5.0;
				TARGETED_DEVICE_FAMILY = "1,2";
			};
			name = Release;
		};
		2936C9CE2A138799000191DA /* Debug */ = {
			isa = XCBuildConfiguration;
			buildSettings = {
				BUNDLE_LOADER = "$(TEST_HOST)";
				CLANG_ENABLE_MODULES = YES;
				CODE_SIGN_STYLE = Automatic;
				CURRENT_PROJECT_VERSION = 1;
				DEVELOPMENT_TEAM = QA2J7ABN78;
				GENERATE_INFOPLIST_FILE = YES;
				LD_RUNPATH_SEARCH_PATHS = (
					"$(inherited)",
					"@executable_path/Frameworks",
					"@loader_path/Frameworks",
				);
				MARKETING_VERSION = 1.0;
				PRODUCT_BUNDLE_IDENTIFIER = com.candichiu.PasswordTests;
				PRODUCT_NAME = "$(TARGET_NAME)";
				SWIFT_EMIT_LOC_STRINGS = NO;
				SWIFT_OPTIMIZATION_LEVEL = "-Onone";
				SWIFT_VERSION = 5.0;
				TARGETED_DEVICE_FAMILY = "1,2";
				TEST_HOST = "$(BUILT_PRODUCTS_DIR)/Password.app/Password";
			};
			name = Debug;
		};
		2936C9CF2A138799000191DA /* Release */ = {
			isa = XCBuildConfiguration;
			buildSettings = {
				BUNDLE_LOADER = "$(TEST_HOST)";
				CLANG_ENABLE_MODULES = YES;
				CODE_SIGN_STYLE = Automatic;
				CURRENT_PROJECT_VERSION = 1;
				DEVELOPMENT_TEAM = QA2J7ABN78;
				GENERATE_INFOPLIST_FILE = YES;
				LD_RUNPATH_SEARCH_PATHS = (
					"$(inherited)",
					"@executable_path/Frameworks",
					"@loader_path/Frameworks",
				);
				MARKETING_VERSION = 1.0;
				PRODUCT_BUNDLE_IDENTIFIER = com.candichiu.PasswordTests;
				PRODUCT_NAME = "$(TARGET_NAME)";
				SWIFT_EMIT_LOC_STRINGS = NO;
				SWIFT_VERSION = 5.0;
				TARGETED_DEVICE_FAMILY = "1,2";
				TEST_HOST = "$(BUILT_PRODUCTS_DIR)/Password.app/Password";
			};
			name = Release;
		};
/* End XCBuildConfiguration section */

/* Begin XCConfigurationList section */
		2926289A29F1405800C1C934 /* Build configuration list for PBXProject "Password" */ = {
			isa = XCConfigurationList;
			buildConfigurations = (
				292628B129F1405B00C1C934 /* Debug */,
				292628B229F1405B00C1C934 /* Release */,
			);
			defaultConfigurationIsVisible = 0;
			defaultConfigurationName = Release;
		};
		292628B329F1405B00C1C934 /* Build configuration list for PBXNativeTarget "Password" */ = {
			isa = XCConfigurationList;
			buildConfigurations = (
				292628B429F1405B00C1C934 /* Debug */,
				292628B529F1405B00C1C934 /* Release */,
			);
			defaultConfigurationIsVisible = 0;
			defaultConfigurationName = Release;
		};
		2936C9CD2A138799000191DA /* Build configuration list for PBXNativeTarget "PasswordTests" */ = {
			isa = XCConfigurationList;
			buildConfigurations = (
				2936C9CE2A138799000191DA /* Debug */,
				2936C9CF2A138799000191DA /* Release */,
			);
			defaultConfigurationIsVisible = 0;
			defaultConfigurationName = Release;
		};
/* End XCConfigurationList section */
	};
	rootObject = 2926289729F1405800C1C934 /* Project object */;
}
